
Microsoft Visual Studio Solution File, Format Version 12.00
# Visual Studio Version 16
VisualStudioVersion = 16.0.31005.135
MinimumVisualStudioVersion = 10.0.40219.1
Project("{FAE04EC0-301F-11D3-BF4B-00C04F79EFBC}") = "zad 1", "zad 1\zad 1.csproj", "{B157C119-E249-4EC3-98BA-9ED3CADA4929}"
EndProject
Global
	GlobalSection(SolutionConfigurationPlatforms) = preSolution
		Debug|Any CPU = Debug|Any CPU
		Release|Any CPU = Release|Any CPU
	EndGlobalSection
	GlobalSection(ProjectConfigurationPlatforms) = postSolution
		{B157C119-E249-4EC3-98BA-9ED3CADA4929}.Debug|Any CPU.ActiveCfg = Debug|Any CPU
		{B157C119-E249-4EC3-98BA-9ED3CADA4929}.Debug|Any CPU.Build.0 = Debug|Any CPU
		{B157C119-E249-4EC3-98BA-9ED3CADA4929}.Release|Any CPU.ActiveCfg = Release|Any CPU
		{B157C119-E249-4EC3-98BA-9ED3CADA4929}.Release|Any CPU.Build.0 = Release|Any CPU
	EndGlobalSection
	GlobalSection(SolutionProperties) = preSolution
		HideSolutionNode = FALSE
	EndGlobalSection
	GlobalSection(ExtensibilityGlobals) = postSolution
		SolutionGuid = {D1697BA9-A19C-4872-B2B4-D552AE64BEE5}
	EndGlobalSection
EndGlobal
