
Microsoft Visual Studio Solution File, Format Version 12.00
# Visual Studio Version 16
VisualStudioVersion = 16.0.31005.135
MinimumVisualStudioVersion = 10.0.40219.1
Project("{FAE04EC0-301F-11D3-BF4B-00C04F79EFBC}") = "zad 1", "zad 1\zad 1.csproj", "{54A54AE1-843D-4376-AE6F-3256890ECE92}"
EndProject
Project("{FAE04EC0-301F-11D3-BF4B-00C04F79EFBC}") = "zad 2", "zad 2\zad 2.csproj", "{8D9A443A-7B68-4295-A3E1-9B2184257860}"
EndProject
Project("{FAE04EC0-301F-11D3-BF4B-00C04F79EFBC}") = "zad 3", "zad 3\zad 3.csproj", "{0E9E040D-555B-4FD7-A4E6-B5B09D266374}"
EndProject
Project("{FAE04EC0-301F-11D3-BF4B-00C04F79EFBC}") = "zad 4", "zad 4\zad 4.csproj", "{AC1123F2-D397-437F-ADF6-CCEDF7DF97A2}"
EndProject
Project("{FAE04EC0-301F-11D3-BF4B-00C04F79EFBC}") = "zad 5", "zad 5\zad 5.csproj", "{77D730D6-C6B3-4623-A020-81C45D72BE42}"
EndProject
Global
	GlobalSection(SolutionConfigurationPlatforms) = preSolution
		Debug|Any CPU = Debug|Any CPU
		Release|Any CPU = Release|Any CPU
	EndGlobalSection
	GlobalSection(ProjectConfigurationPlatforms) = postSolution
		{54A54AE1-843D-4376-AE6F-3256890ECE92}.Debug|Any CPU.ActiveCfg = Debug|Any CPU
		{54A54AE1-843D-4376-AE6F-3256890ECE92}.Debug|Any CPU.Build.0 = Debug|Any CPU
		{54A54AE1-843D-4376-AE6F-3256890ECE92}.Release|Any CPU.ActiveCfg = Release|Any CPU
		{54A54AE1-843D-4376-AE6F-3256890ECE92}.Release|Any CPU.Build.0 = Release|Any CPU
		{8D9A443A-7B68-4295-A3E1-9B2184257860}.Debug|Any CPU.ActiveCfg = Debug|Any CPU
		{8D9A443A-7B68-4295-A3E1-9B2184257860}.Debug|Any CPU.Build.0 = Debug|Any CPU
		{8D9A443A-7B68-4295-A3E1-9B2184257860}.Release|Any CPU.ActiveCfg = Release|Any CPU
		{8D9A443A-7B68-4295-A3E1-9B2184257860}.Release|Any CPU.Build.0 = Release|Any CPU
		{0E9E040D-555B-4FD7-A4E6-B5B09D266374}.Debug|Any CPU.ActiveCfg = Debug|Any CPU
		{0E9E040D-555B-4FD7-A4E6-B5B09D266374}.Debug|Any CPU.Build.0 = Debug|Any CPU
		{0E9E040D-555B-4FD7-A4E6-B5B09D266374}.Release|Any CPU.ActiveCfg = Release|Any CPU
		{0E9E040D-555B-4FD7-A4E6-B5B09D266374}.Release|Any CPU.Build.0 = Release|Any CPU
		{AC1123F2-D397-437F-ADF6-CCEDF7DF97A2}.Debug|Any CPU.ActiveCfg = Debug|Any CPU
		{AC1123F2-D397-437F-ADF6-CCEDF7DF97A2}.Debug|Any CPU.Build.0 = Debug|Any CPU
		{AC1123F2-D397-437F-ADF6-CCEDF7DF97A2}.Release|Any CPU.ActiveCfg = Release|Any CPU
		{AC1123F2-D397-437F-ADF6-CCEDF7DF97A2}.Release|Any CPU.Build.0 = Release|Any CPU
		{77D730D6-C6B3-4623-A020-81C45D72BE42}.Debug|Any CPU.ActiveCfg = Debug|Any CPU
		{77D730D6-C6B3-4623-A020-81C45D72BE42}.Debug|Any CPU.Build.0 = Debug|Any CPU
		{77D730D6-C6B3-4623-A020-81C45D72BE42}.Release|Any CPU.ActiveCfg = Release|Any CPU
		{77D730D6-C6B3-4623-A020-81C45D72BE42}.Release|Any CPU.Build.0 = Release|Any CPU
	EndGlobalSection
	GlobalSection(SolutionProperties) = preSolution
		HideSolutionNode = FALSE
	EndGlobalSection
	GlobalSection(ExtensibilityGlobals) = postSolution
		SolutionGuid = {C97C1BC2-CA7B-4F38-AB98-C45A1E16E478}
	EndGlobalSection
EndGlobal
