
Microsoft Visual Studio Solution File, Format Version 12.00
# Visual Studio Version 16
VisualStudioVersion = 16.0.31005.135
MinimumVisualStudioVersion = 10.0.40219.1
Project("{9A19103F-16F7-4668-BE54-9A1E7A4F7556}") = "zad 1", "zad 1\zad 1.csproj", "{4C3AC914-57F2-4020-9FFD-B42F717D1B2B}"
EndProject
Project("{9A19103F-16F7-4668-BE54-9A1E7A4F7556}") = "zad 2", "zad 2\zad 2.csproj", "{72D220D6-AF95-4EB1-AD9D-1E8AA5E7E55A}"
EndProject
Project("{9A19103F-16F7-4668-BE54-9A1E7A4F7556}") = "zad 3", "zad 3\zad 3.csproj", "{11CAEEC4-AB82-4025-BFDC-35D431A48E51}"
EndProject
Project("{FAE04EC0-301F-11D3-BF4B-00C04F79EFBC}") = "zad 4", "zad 4\zad 4.csproj", "{F84F4408-9568-4C2D-AC59-C2AA6FF9E052}"
EndProject
Global
	GlobalSection(SolutionConfigurationPlatforms) = preSolution
		Debug|Any CPU = Debug|Any CPU
		Release|Any CPU = Release|Any CPU
	EndGlobalSection
	GlobalSection(ProjectConfigurationPlatforms) = postSolution
		{4C3AC914-57F2-4020-9FFD-B42F717D1B2B}.Debug|Any CPU.ActiveCfg = Debug|Any CPU
		{4C3AC914-57F2-4020-9FFD-B42F717D1B2B}.Debug|Any CPU.Build.0 = Debug|Any CPU
		{4C3AC914-57F2-4020-9FFD-B42F717D1B2B}.Release|Any CPU.ActiveCfg = Release|Any CPU
		{4C3AC914-57F2-4020-9FFD-B42F717D1B2B}.Release|Any CPU.Build.0 = Release|Any CPU
		{72D220D6-AF95-4EB1-AD9D-1E8AA5E7E55A}.Debug|Any CPU.ActiveCfg = Debug|Any CPU
		{72D220D6-AF95-4EB1-AD9D-1E8AA5E7E55A}.Debug|Any CPU.Build.0 = Debug|Any CPU
		{72D220D6-AF95-4EB1-AD9D-1E8AA5E7E55A}.Release|Any CPU.ActiveCfg = Release|Any CPU
		{72D220D6-AF95-4EB1-AD9D-1E8AA5E7E55A}.Release|Any CPU.Build.0 = Release|Any CPU
		{11CAEEC4-AB82-4025-BFDC-35D431A48E51}.Debug|Any CPU.ActiveCfg = Debug|Any CPU
		{11CAEEC4-AB82-4025-BFDC-35D431A48E51}.Debug|Any CPU.Build.0 = Debug|Any CPU
		{11CAEEC4-AB82-4025-BFDC-35D431A48E51}.Release|Any CPU.ActiveCfg = Release|Any CPU
		{11CAEEC4-AB82-4025-BFDC-35D431A48E51}.Release|Any CPU.Build.0 = Release|Any CPU
		{F84F4408-9568-4C2D-AC59-C2AA6FF9E052}.Debug|Any CPU.ActiveCfg = Debug|Any CPU
		{F84F4408-9568-4C2D-AC59-C2AA6FF9E052}.Debug|Any CPU.Build.0 = Debug|Any CPU
		{F84F4408-9568-4C2D-AC59-C2AA6FF9E052}.Release|Any CPU.ActiveCfg = Release|Any CPU
		{F84F4408-9568-4C2D-AC59-C2AA6FF9E052}.Release|Any CPU.Build.0 = Release|Any CPU
	EndGlobalSection
	GlobalSection(SolutionProperties) = preSolution
		HideSolutionNode = FALSE
	EndGlobalSection
	GlobalSection(ExtensibilityGlobals) = postSolution
		SolutionGuid = {F8AB297D-79F7-48BF-8D0D-C745BB5B51A3}
	EndGlobalSection
EndGlobal
