
Microsoft Visual Studio Solution File, Format Version 12.00
# Visual Studio Version 16
VisualStudioVersion = 16.0.31005.135
MinimumVisualStudioVersion = 10.0.40219.1
Project("{FAE04EC0-301F-11D3-BF4B-00C04F79EFBC}") = "zad 1", "zad 1\zad 1.csproj", "{9DC13E4C-7332-4AE1-BEF3-D5F776941F2F}"
EndProject
Global
	GlobalSection(SolutionConfigurationPlatforms) = preSolution
		Debug|Any CPU = Debug|Any CPU
		Release|Any CPU = Release|Any CPU
	EndGlobalSection
	GlobalSection(ProjectConfigurationPlatforms) = postSolution
		{9DC13E4C-7332-4AE1-BEF3-D5F776941F2F}.Debug|Any CPU.ActiveCfg = Debug|Any CPU
		{9DC13E4C-7332-4AE1-BEF3-D5F776941F2F}.Debug|Any CPU.Build.0 = Debug|Any CPU
		{9DC13E4C-7332-4AE1-BEF3-D5F776941F2F}.Release|Any CPU.ActiveCfg = Release|Any CPU
		{9DC13E4C-7332-4AE1-BEF3-D5F776941F2F}.Release|Any CPU.Build.0 = Release|Any CPU
	EndGlobalSection
	GlobalSection(SolutionProperties) = preSolution
		HideSolutionNode = FALSE
	EndGlobalSection
	GlobalSection(ExtensibilityGlobals) = postSolution
		SolutionGuid = {C29339AC-4198-41A0-A0EF-613BFBC3145A}
	EndGlobalSection
EndGlobal
